{
    "version": 3,
    "terraform_version": "0.8.6",
    "serial": 5,
    "lineage": "89c3f844-e753-40ef-86ce-c341de136dcb",
    "modules": [
        {
            "path": [
                "root"
            ],
            "outputs": {},
            "resources": {
                "aws_autoscaling_group.Web-autoscaling": {
                    "type": "aws_autoscaling_group",
                    "depends_on": [
                        "aws_launch_configuration.Web-launchconfig",
                        "aws_subnet.myVPC-public-subnet-1",
                        "aws_subnet.myVPC-public-subnet-2",
                        "aws_subnet.myVPC-public-subnet-3"
                    ],
                    "primary": {
                        "id": "Web-autoscaling",
                        "attributes": {
                            "arn": "arn:aws:autoscaling:eu-west-1:719439219678:autoScalingGroup:069cdb22-379a-4299-a8b4-79ecc39de5b6:autoScalingGroupName/Web-autoscaling",
                            "availability_zones.#": "3",
                            "availability_zones.1924028850": "eu-west-1b",
                            "availability_zones.3953592328": "eu-west-1a",
                            "availability_zones.94988580": "eu-west-1c",
                            "default_cooldown": "300",
                            "desired_capacity": "1",
                            "force_delete": "true",
                            "health_check_grace_period": "300",
                            "health_check_type": "EC2",
                            "id": "Web-autoscaling",
                            "launch_configuration": "Web-launchconfig007c9fe361569f117d6285621e",
                            "load_balancers.#": "0",
                            "max_size": "2",
                            "metrics_granularity": "1Minute",
                            "min_size": "1",
                            "name": "Web-autoscaling",
                            "placement_group": "",
                            "protect_from_scale_in": "false",
                            "suspended_processes.#": "0",
                            "tag.#": "1",
                            "tag.639640225.key": "Name",
                            "tag.639640225.propagate_at_launch": "true",
                            "tag.639640225.value": "Web EC2 Instance ",
                            "target_group_arns.#": "0",
                            "termination_policies.#": "0",
                            "vpc_zone_identifier.#": "3",
                            "vpc_zone_identifier.1961126586": "subnet-f9fcbda1",
                            "vpc_zone_identifier.3097214171": "subnet-8cc6fdfa",
                            "vpc_zone_identifier.3649873237": "subnet-df3f3bbb",
                            "wait_for_capacity_timeout": "10m"
                        },
                        "meta": {},
                        "tainted": false
                    },
                    "deposed": [],
                    "provider": ""
                },
                "aws_autoscaling_policy.Web-cpu-policy": {
                    "type": "aws_autoscaling_policy",
                    "depends_on": [
                        "aws_autoscaling_group.Web-autoscaling"
                    ],
                    "primary": {
                        "id": "Web-cpu-policy",
                        "attributes": {
                            "adjustment_type": "ChangeInCapacity",
                            "arn": "arn:aws:autoscaling:eu-west-1:719439219678:scalingPolicy:9b73ac2f-8112-4f51-8744-edb7771d60aa:autoScalingGroupName/Web-autoscaling:policyName/Web-cpu-policy",
                            "autoscaling_group_name": "Web-autoscaling",
                            "cooldown": "300",
                            "estimated_instance_warmup": "0",
                            "id": "Web-cpu-policy",
                            "metric_aggregation_type": "",
                            "min_adjustment_step": "0",
                            "name": "Web-cpu-policy",
                            "policy_type": "SimpleScaling",
                            "scaling_adjustment": "1",
                            "step_adjustment.#": "0"
                        },
                        "meta": {},
                        "tainted": false
                    },
                    "deposed": [],
                    "provider": ""
                },
                "aws_autoscaling_policy.Web-cpu-policy-scaledown": {
                    "type": "aws_autoscaling_policy",
                    "depends_on": [
                        "aws_autoscaling_group.Web-autoscaling"
                    ],
                    "primary": {
                        "id": "Web-cpu-policy-scaledown",
                        "attributes": {
                            "adjustment_type": "ChangeInCapacity",
                            "arn": "arn:aws:autoscaling:eu-west-1:719439219678:scalingPolicy:290fab43-5882-4a13-87c2-8e55ddc52746:autoScalingGroupName/Web-autoscaling:policyName/Web-cpu-policy-scaledown",
                            "autoscaling_group_name": "Web-autoscaling",
                            "cooldown": "300",
                            "estimated_instance_warmup": "0",
                            "id": "Web-cpu-policy-scaledown",
                            "metric_aggregation_type": "",
                            "min_adjustment_step": "0",
                            "name": "Web-cpu-policy-scaledown",
                            "policy_type": "SimpleScaling",
                            "scaling_adjustment": "-1",
                            "step_adjustment.#": "0"
                        },
                        "meta": {},
                        "tainted": false
                    },
                    "deposed": [],
                    "provider": ""
                },
                "aws_cloudwatch_metric_alarm.Web-cpu-alarm": {
                    "type": "aws_cloudwatch_metric_alarm",
                    "depends_on": [
                        "aws_autoscaling_group.Web-autoscaling",
                        "aws_autoscaling_policy.Web-cpu-policy"
                    ],
                    "primary": {
                        "id": "Web-cpu-alarm",
                        "attributes": {
                            "actions_enabled": "true",
                            "alarm_actions.#": "1",
                            "alarm_actions.3023155128": "arn:aws:autoscaling:eu-west-1:719439219678:scalingPolicy:9b73ac2f-8112-4f51-8744-edb7771d60aa:autoScalingGroupName/Web-autoscaling:policyName/Web-cpu-policy",
                            "alarm_description": "Web-cpu-alarm",
                            "alarm_name": "Web-cpu-alarm",
                            "comparison_operator": "GreaterThanOrEqualToThreshold",
                            "dimensions.%": "1",
                            "dimensions.AutoScalingGroupName": "Web-autoscaling",
                            "evaluation_periods": "2",
                            "extended_statistic": "",
                            "id": "Web-cpu-alarm",
                            "insufficient_data_actions.#": "0",
                            "metric_name": "CPUUtilization",
                            "namespace": "AWS/EC2",
                            "ok_actions.#": "0",
                            "period": "60",
                            "statistic": "Average",
                            "threshold": "70",
                            "unit": ""
                        },
                        "meta": {},
                        "tainted": false
                    },
                    "deposed": [],
                    "provider": ""
                },
                "aws_cloudwatch_metric_alarm.Web-cpu-alarm-scaledown": {
                    "type": "aws_cloudwatch_metric_alarm",
                    "depends_on": [
                        "aws_autoscaling_group.Web-autoscaling",
                        "aws_autoscaling_policy.Web-cpu-policy-scaledown"
                    ],
                    "primary": {
                        "id": "Web-cpu-alarm-scaledown",
                        "attributes": {
                            "actions_enabled": "true",
                            "alarm_actions.#": "1",
                            "alarm_actions.1907854887": "arn:aws:autoscaling:eu-west-1:719439219678:scalingPolicy:290fab43-5882-4a13-87c2-8e55ddc52746:autoScalingGroupName/Web-autoscaling:policyName/Web-cpu-policy-scaledown",
                            "alarm_description": "Web-cpu-alarm-scaledown",
                            "alarm_name": "Web-cpu-alarm-scaledown",
                            "comparison_operator": "LessThanOrEqualToThreshold",
                            "dimensions.%": "1",
                            "dimensions.AutoScalingGroupName": "Web-autoscaling",
                            "evaluation_periods": "4",
                            "extended_statistic": "",
                            "id": "Web-cpu-alarm-scaledown",
                            "insufficient_data_actions.#": "0",
                            "metric_name": "CPUUtilization",
                            "namespace": "AWS/EC2",
                            "ok_actions.#": "0",
                            "period": "60",
                            "statistic": "Average",
                            "threshold": "30",
                            "unit": ""
                        },
                        "meta": {},
                        "tainted": false
                    },
                    "deposed": [],
                    "provider": ""
                },
                "aws_elb.my-LB": {
                    "type": "aws_elb",
                    "depends_on": [
                        "aws_security_group.LB-SG",
                        "aws_subnet.myVPC-public-subnet-1",
                        "aws_subnet.myVPC-public-subnet-2",
                        "aws_subnet.myVPC-public-subnet-3"
                    ],
                    "primary": {
                        "id": "my-LB",
                        "attributes": {
                            "access_logs.#": "0",
                            "availability_zones.#": "3",
                            "availability_zones.1924028850": "eu-west-1b",
                            "availability_zones.3953592328": "eu-west-1a",
                            "availability_zones.94988580": "eu-west-1c",
                            "connection_draining": "true",
                            "connection_draining_timeout": "400",
                            "cross_zone_load_balancing": "true",
                            "dns_name": "my-LB-1437266631.eu-west-1.elb.amazonaws.com",
                            "health_check.#": "1",
                            "health_check.0.healthy_threshold": "2",
                            "health_check.0.interval": "30",
                            "health_check.0.target": "HTTP:80/healthy.txt",
                            "health_check.0.timeout": "3",
                            "health_check.0.unhealthy_threshold": "2",
                            "id": "my-LB",
                            "idle_timeout": "60",
                            "instances.#": "0",
                            "internal": "false",
                            "listener.#": "1",
                            "listener.3057123346.instance_port": "80",
                            "listener.3057123346.instance_protocol": "http",
                            "listener.3057123346.lb_port": "80",
                            "listener.3057123346.lb_protocol": "http",
                            "listener.3057123346.ssl_certificate_id": "",
                            "name": "my-LB",
                            "security_groups.#": "1",
                            "security_groups.372037229": "sg-b40132d2",
                            "source_security_group": "719439219678/LB-SG",
                            "source_security_group_id": "sg-b40132d2",
                            "subnets.#": "3",
                            "subnets.1961126586": "subnet-f9fcbda1",
                            "subnets.3097214171": "subnet-8cc6fdfa",
                            "subnets.3649873237": "subnet-df3f3bbb",
                            "tags.%": "1",
                            "tags.Name": "my-LB",
                            "zone_id": "Z32O12XQLNTSW2"
                        },
                        "meta": {},
                        "tainted": false
                    },
                    "deposed": [],
                    "provider": ""
                },
                "aws_instance.bastionEC2": {
                    "type": "aws_instance",
                    "depends_on": [
                        "aws_key_pair.myKEYPAIR",
                        "aws_security_group.Bastion-SG",
                        "aws_subnet.myVPC-public-subnet-1"
                    ],
                    "primary": {
                        "id": "i-04611d547eb7540cc",
                        "attributes": {
                            "ami": "ami-c51e3eb6",
                            "associate_public_ip_address": "true",
                            "availability_zone": "eu-west-1a",
                            "disable_api_termination": "false",
                            "ebs_block_device.#": "0",
                            "ebs_optimized": "false",
                            "ephemeral_block_device.#": "0",
                            "iam_instance_profile": "",
                            "id": "i-04611d547eb7540cc",
                            "instance_state": "running",
                            "instance_type": "t2.micro",
                            "key_name": "mykeypair",
                            "monitoring": "false",
                            "network_interface_id": "eni-a92f5ef9",
                            "private_dns": "ip-10-0-1-207.eu-west-1.compute.internal",
                            "private_ip": "10.0.1.207",
                            "public_dns": "ec2-34-249-38-195.eu-west-1.compute.amazonaws.com",
                            "public_ip": "34.249.38.195",
                            "root_block_device.#": "1",
                            "root_block_device.0.delete_on_termination": "true",
                            "root_block_device.0.iops": "100",
                            "root_block_device.0.volume_size": "8",
                            "root_block_device.0.volume_type": "gp2",
                            "security_groups.#": "0",
                            "source_dest_check": "true",
                            "subnet_id": "subnet-f9fcbda1",
                            "tags.%": "1",
                            "tags.Name": "Bastion",
                            "tenancy": "default",
                            "vpc_security_group_ids.#": "1",
                            "vpc_security_group_ids.3344756047": "sg-b50132d3"
                        },
                        "meta": {
                            "schema_version": "1"
                        },
                        "tainted": false
                    },
                    "deposed": [],
                    "provider": ""
                },
                "aws_internet_gateway.myVPC-gateway": {
                    "type": "aws_internet_gateway",
                    "depends_on": [
                        "aws_vpc.myVPC"
                    ],
                    "primary": {
                        "id": "igw-ef47e88b",
                        "attributes": {
                            "id": "igw-ef47e88b",
                            "tags.%": "1",
                            "tags.Name": "myVPC",
                            "vpc_id": "vpc-1099af74"
                        },
                        "meta": {},
                        "tainted": false
                    },
                    "deposed": [],
                    "provider": ""
                },
                "aws_key_pair.myKEYPAIR": {
                    "type": "aws_key_pair",
                    "depends_on": [],
                    "primary": {
                        "id": "mykeypair",
                        "attributes": {
                            "id": "mykeypair",
                            "key_name": "mykeypair",
                            "public_key": "ssh-rsa AAAAB3NzaC1yc2EAAAADAQABAAABAQCVrxPQWIFFhF1ulHVs1wUfSwGUKu4N0wI/XX1zUpSubC4R3JE2NkMZWHyOyftl++9drC3IT7W0Kk1i0K1maGp2I0VthXVgU6+3q1kGrV0rOInpVBrowWvaclPZJfdHx8Y/e0yfpx1TaYX98QIiE/4jaV0igEahEw6Z8nxE5eBM7cM0m6YsYGXZt11LB+HAkvCz3wHZmQY8RqIoYWSZZy77P/lMNGr/1WcEMUrXutD8VR/pkq7jtsPMBxJSNGZUlgbD1y8B6MHeKTUTkJnWYSly3Dmx8YtAAiBz6ERQL8lPBNqXv7sKmMKDSv+RkbWZqGwaq7Vf1++WBbhZ3t7UHCSh cas@Ariels-iMac.local"
                        },
                        "meta": {
                            "schema_version": "1"
                        },
                        "tainted": false
                    },
                    "deposed": [],
                    "provider": ""
                },
                "aws_launch_configuration.Web-launchconfig": {
                    "type": "aws_launch_configuration",
                    "depends_on": [
                        "aws_key_pair.myKEYPAIR",
                        "aws_security_group.Web-SG"
                    ],
                    "primary": {
                        "id": "Web-launchconfig007c9fe361569f117d6285621e",
                        "attributes": {
                            "associate_public_ip_address": "false",
                            "ebs_block_device.#": "0",
                            "ebs_optimized": "false",
                            "enable_monitoring": "true",
                            "ephemeral_block_device.#": "0",
                            "iam_instance_profile": "",
                            "id": "Web-launchconfig007c9fe361569f117d6285621e",
                            "image_id": "ami-1f153179",
                            "instance_type": "t2.micro",
                            "key_name": "mykeypair",
                            "name": "Web-launchconfig007c9fe361569f117d6285621e",
                            "name_prefix": "Web-launchconfig",
                            "root_block_device.#": "0",
                            "security_groups.#": "1",
                            "security_groups.612595790": "sg-b80132de",
                            "spot_price": "",
                            "vpc_classic_link_id": "",
                            "vpc_classic_link_security_groups.#": "0"
                        },
                        "meta": {},
                        "tainted": false
                    },
                    "deposed": [],
                    "provider": ""
                },
                "aws_route_table.myVPC-public-route": {
                    "type": "aws_route_table",
                    "depends_on": [
                        "aws_internet_gateway.myVPC-gateway",
                        "aws_vpc.myVPC"
                    ],
                    "primary": {
                        "id": "rtb-dcfe37bb",
                        "attributes": {
                            "id": "rtb-dcfe37bb",
                            "propagating_vgws.#": "0",
                            "route.#": "1",
                            "route.1606853580.cidr_block": "0.0.0.0/0",
                            "route.1606853580.gateway_id": "igw-ef47e88b",
                            "route.1606853580.instance_id": "",
                            "route.1606853580.nat_gateway_id": "",
                            "route.1606853580.network_interface_id": "",
                            "route.1606853580.vpc_peering_connection_id": "",
                            "tags.%": "1",
                            "tags.Name": "myVPC-public-route",
                            "vpc_id": "vpc-1099af74"
                        },
                        "meta": {},
                        "tainted": false
                    },
                    "deposed": [],
                    "provider": ""
                },
                "aws_route_table_association.mmyVPC-public-3": {
                    "type": "aws_route_table_association",
                    "depends_on": [
                        "aws_route_table.myVPC-public-route",
                        "aws_subnet.myVPC-public-subnet-3"
                    ],
                    "primary": {
                        "id": "rtbassoc-23dcdf44",
                        "attributes": {
                            "id": "rtbassoc-23dcdf44",
                            "route_table_id": "rtb-dcfe37bb",
                            "subnet_id": "subnet-8cc6fdfa"
                        },
                        "meta": {},
                        "tainted": false
                    },
                    "deposed": [],
                    "provider": ""
                },
                "aws_route_table_association.myVPC-public-1": {
                    "type": "aws_route_table_association",
                    "depends_on": [
                        "aws_route_table.myVPC-public-route",
                        "aws_subnet.myVPC-public-subnet-1"
                    ],
                    "primary": {
                        "id": "rtbassoc-21dcdf46",
                        "attributes": {
                            "id": "rtbassoc-21dcdf46",
                            "route_table_id": "rtb-dcfe37bb",
                            "subnet_id": "subnet-f9fcbda1"
                        },
                        "meta": {},
                        "tainted": false
                    },
                    "deposed": [],
                    "provider": ""
                },
                "aws_route_table_association.myVPC-public-2": {
                    "type": "aws_route_table_association",
                    "depends_on": [
                        "aws_route_table.myVPC-public-route",
                        "aws_subnet.myVPC-public-subnet-2"
                    ],
                    "primary": {
                        "id": "rtbassoc-22dcdf45",
                        "attributes": {
                            "id": "rtbassoc-22dcdf45",
                            "route_table_id": "rtb-dcfe37bb",
                            "subnet_id": "subnet-df3f3bbb"
                        },
                        "meta": {},
                        "tainted": false
                    },
                    "deposed": [],
                    "provider": ""
                },
                "aws_security_group.Bastion-SG": {
                    "type": "aws_security_group",
                    "depends_on": [
                        "aws_vpc.myVPC"
                    ],
                    "primary": {
                        "id": "sg-b50132d3",
                        "attributes": {
                            "description": "Bastion Segurity Group",
                            "egress.#": "1",
                            "egress.482069346.cidr_blocks.#": "1",
                            "egress.482069346.cidr_blocks.0": "0.0.0.0/0",
                            "egress.482069346.from_port": "0",
                            "egress.482069346.prefix_list_ids.#": "0",
                            "egress.482069346.protocol": "-1",
                            "egress.482069346.security_groups.#": "0",
                            "egress.482069346.self": "false",
                            "egress.482069346.to_port": "0",
                            "id": "sg-b50132d3",
                            "ingress.#": "1",
                            "ingress.2541437006.cidr_blocks.#": "1",
                            "ingress.2541437006.cidr_blocks.0": "0.0.0.0/0",
                            "ingress.2541437006.from_port": "22",
                            "ingress.2541437006.protocol": "tcp",
                            "ingress.2541437006.security_groups.#": "0",
                            "ingress.2541437006.self": "false",
                            "ingress.2541437006.to_port": "22",
                            "name": "Bastion-SG",
                            "owner_id": "719439219678",
                            "tags.%": "1",
                            "tags.Name": "Bastion-SG",
                            "vpc_id": "vpc-1099af74"
                        },
                        "meta": {},
                        "tainted": false
                    },
                    "deposed": [],
                    "provider": ""
                },
                "aws_security_group.LB-SG": {
                    "type": "aws_security_group",
                    "depends_on": [
                        "aws_vpc.myVPC"
                    ],
                    "primary": {
                        "id": "sg-b40132d2",
                        "attributes": {
                            "description": "Load Balancer Segurity Group",
                            "egress.#": "1",
                            "egress.482069346.cidr_blocks.#": "1",
                            "egress.482069346.cidr_blocks.0": "0.0.0.0/0",
                            "egress.482069346.from_port": "0",
                            "egress.482069346.prefix_list_ids.#": "0",
                            "egress.482069346.protocol": "-1",
                            "egress.482069346.security_groups.#": "0",
                            "egress.482069346.self": "false",
                            "egress.482069346.to_port": "0",
                            "id": "sg-b40132d2",
                            "ingress.#": "1",
                            "ingress.2214680975.cidr_blocks.#": "1",
                            "ingress.2214680975.cidr_blocks.0": "0.0.0.0/0",
                            "ingress.2214680975.from_port": "80",
                            "ingress.2214680975.protocol": "tcp",
                            "ingress.2214680975.security_groups.#": "0",
                            "ingress.2214680975.self": "false",
                            "ingress.2214680975.to_port": "80",
                            "name": "LB-SG",
                            "owner_id": "719439219678",
                            "tags.%": "1",
                            "tags.Name": "LB-SG",
                            "vpc_id": "vpc-1099af74"
                        },
                        "meta": {},
                        "tainted": false
                    },
                    "deposed": [],
                    "provider": ""
                },
                "aws_security_group.RDS-SG": {
                    "type": "aws_security_group",
                    "depends_on": [
                        "aws_vpc.myVPC"
                    ],
                    "primary": {
                        "id": "sg-b70132d1",
                        "attributes": {
                            "description": "RDS Server Security Group",
                            "egress.#": "1",
                            "egress.482069346.cidr_blocks.#": "1",
                            "egress.482069346.cidr_blocks.0": "0.0.0.0/0",
                            "egress.482069346.from_port": "0",
                            "egress.482069346.prefix_list_ids.#": "0",
                            "egress.482069346.protocol": "-1",
                            "egress.482069346.security_groups.#": "0",
                            "egress.482069346.self": "false",
                            "egress.482069346.to_port": "0",
                            "id": "sg-b70132d1",
                            "ingress.#": "1",
                            "ingress.2938088484.cidr_blocks.#": "1",
                            "ingress.2938088484.cidr_blocks.0": "10.0.0.0/16",
                            "ingress.2938088484.from_port": "3306",
                            "ingress.2938088484.protocol": "tcp",
                            "ingress.2938088484.security_groups.#": "0",
                            "ingress.2938088484.self": "false",
                            "ingress.2938088484.to_port": "3306",
                            "name": "RDS-SG",
                            "owner_id": "719439219678",
                            "tags.%": "1",
                            "tags.Name": "RDS-SG",
                            "vpc_id": "vpc-1099af74"
                        },
                        "meta": {},
                        "tainted": false
                    },
                    "deposed": [],
                    "provider": ""
                },
                "aws_security_group.Web-SG": {
                    "type": "aws_security_group",
                    "depends_on": [
                        "aws_security_group.Bastion-SG",
                        "aws_security_group.LB-SG",
                        "aws_security_group.RDS-SG",
                        "aws_vpc.myVPC"
                    ],
                    "primary": {
                        "id": "sg-b80132de",
                        "attributes": {
                            "description": "Web Server Security Group",
                            "egress.#": "1",
                            "egress.482069346.cidr_blocks.#": "1",
                            "egress.482069346.cidr_blocks.0": "0.0.0.0/0",
                            "egress.482069346.from_port": "0",
                            "egress.482069346.prefix_list_ids.#": "0",
                            "egress.482069346.protocol": "-1",
                            "egress.482069346.security_groups.#": "0",
                            "egress.482069346.self": "false",
                            "egress.482069346.to_port": "0",
                            "id": "sg-b80132de",
                            "ingress.#": "3",
                            "ingress.1332835716.cidr_blocks.#": "0",
                            "ingress.1332835716.from_port": "80",
                            "ingress.1332835716.protocol": "tcp",
                            "ingress.1332835716.security_groups.#": "1",
                            "ingress.1332835716.security_groups.372037229": "sg-b40132d2",
                            "ingress.1332835716.self": "false",
                            "ingress.1332835716.to_port": "80",
                            "ingress.3300952671.cidr_blocks.#": "0",
                            "ingress.3300952671.from_port": "3306",
                            "ingress.3300952671.protocol": "tcp",
                            "ingress.3300952671.security_groups.#": "1",
                            "ingress.3300952671.security_groups.3201146186": "sg-b70132d1",
                            "ingress.3300952671.self": "false",
                            "ingress.3300952671.to_port": "3306",
                            "ingress.743053806.cidr_blocks.#": "0",
                            "ingress.743053806.from_port": "22",
                            "ingress.743053806.protocol": "tcp",
                            "ingress.743053806.security_groups.#": "1",
                            "ingress.743053806.security_groups.3344756047": "sg-b50132d3",
                            "ingress.743053806.self": "false",
                            "ingress.743053806.to_port": "22",
                            "name": "Web-SG",
                            "owner_id": "719439219678",
                            "tags.%": "1",
                            "tags.Name": "Web-SG",
                            "vpc_id": "vpc-1099af74"
                        },
                        "meta": {},
                        "tainted": false
                    },
                    "deposed": [],
                    "provider": ""
                },
                "aws_subnet.myVPC-private-subnet-1": {
                    "type": "aws_subnet",
                    "depends_on": [
                        "aws_vpc.myVPC",
                        "data.aws_availability_zones.available"
                    ],
                    "primary": {
                        "id": "subnet-fafcbda2",
                        "attributes": {
                            "availability_zone": "eu-west-1a",
                            "cidr_block": "10.0.101.0/24",
                            "id": "subnet-fafcbda2",
                            "map_public_ip_on_launch": "false",
                            "tags.%": "1",
                            "tags.Name": "myVPC-private-subnet-1",
                            "vpc_id": "vpc-1099af74"
                        },
                        "meta": {},
                        "tainted": false
                    },
                    "deposed": [],
                    "provider": ""
                },
                "aws_subnet.myVPC-private-subnet-2": {
                    "type": "aws_subnet",
                    "depends_on": [
                        "aws_vpc.myVPC",
                        "data.aws_availability_zones.available"
                    ],
                    "primary": {
                        "id": "subnet-d83f3bbc",
                        "attributes": {
                            "availability_zone": "eu-west-1b",
                            "cidr_block": "10.0.102.0/24",
                            "id": "subnet-d83f3bbc",
                            "map_public_ip_on_launch": "false",
                            "tags.%": "1",
                            "tags.Name": "myVPC-private-subnet-2",
                            "vpc_id": "vpc-1099af74"
                        },
                        "meta": {},
                        "tainted": false
                    },
                    "deposed": [],
                    "provider": ""
                },
                "aws_subnet.myVPC-private-subnet-3": {
                    "type": "aws_subnet",
                    "depends_on": [
                        "aws_vpc.myVPC",
                        "data.aws_availability_zones.available"
                    ],
                    "primary": {
                        "id": "subnet-8fc6fdf9",
                        "attributes": {
                            "availability_zone": "eu-west-1c",
                            "cidr_block": "10.0.103.0/24",
                            "id": "subnet-8fc6fdf9",
                            "map_public_ip_on_launch": "false",
                            "tags.%": "1",
                            "tags.Name": "myVPC-private-subnet-3",
                            "vpc_id": "vpc-1099af74"
                        },
                        "meta": {},
                        "tainted": false
                    },
                    "deposed": [],
                    "provider": ""
                },
                "aws_subnet.myVPC-public-subnet-1": {
                    "type": "aws_subnet",
                    "depends_on": [
                        "aws_vpc.myVPC",
                        "data.aws_availability_zones.available"
                    ],
                    "primary": {
                        "id": "subnet-f9fcbda1",
                        "attributes": {
                            "availability_zone": "eu-west-1a",
                            "cidr_block": "10.0.1.0/24",
                            "id": "subnet-f9fcbda1",
                            "map_public_ip_on_launch": "true",
                            "tags.%": "1",
                            "tags.Name": "myVPC-public-subnet-1",
                            "vpc_id": "vpc-1099af74"
                        },
                        "meta": {},
                        "tainted": false
                    },
                    "deposed": [],
                    "provider": ""
                },
                "aws_subnet.myVPC-public-subnet-2": {
                    "type": "aws_subnet",
                    "depends_on": [
                        "aws_vpc.myVPC",
                        "data.aws_availability_zones.available"
                    ],
                    "primary": {
                        "id": "subnet-df3f3bbb",
                        "attributes": {
                            "availability_zone": "eu-west-1b",
                            "cidr_block": "10.0.2.0/24",
                            "id": "subnet-df3f3bbb",
                            "map_public_ip_on_launch": "true",
                            "tags.%": "1",
                            "tags.Name": "myVPC-public-subnet-2",
                            "vpc_id": "vpc-1099af74"
                        },
                        "meta": {},
                        "tainted": false
                    },
                    "deposed": [],
                    "provider": ""
                },
                "aws_subnet.myVPC-public-subnet-3": {
                    "type": "aws_subnet",
                    "depends_on": [
                        "aws_vpc.myVPC",
                        "data.aws_availability_zones.available"
                    ],
                    "primary": {
                        "id": "subnet-8cc6fdfa",
                        "attributes": {
                            "availability_zone": "eu-west-1c",
                            "cidr_block": "10.0.3.0/24",
                            "id": "subnet-8cc6fdfa",
                            "map_public_ip_on_launch": "true",
                            "tags.%": "1",
                            "tags.Name": "myVPC-public-subnet-3",
                            "vpc_id": "vpc-1099af74"
                        },
                        "meta": {},
                        "tainted": false
                    },
                    "deposed": [],
                    "provider": ""
                },
                "aws_vpc.myVPC": {
                    "type": "aws_vpc",
                    "depends_on": [],
                    "primary": {
                        "id": "vpc-1099af74",
                        "attributes": {
                            "cidr_block": "10.0.0.0/16",
                            "default_network_acl_id": "acl-d79c6db0",
                            "default_route_table_id": "rtb-ddfe37ba",
                            "default_security_group_id": "sg-b60132d0",
                            "dhcp_options_id": "dopt-e8c4658c",
                            "enable_classiclink": "false",
                            "enable_dns_hostnames": "true",
                            "enable_dns_support": "true",
                            "id": "vpc-1099af74",
                            "instance_tenancy": "default",
                            "main_route_table_id": "rtb-ddfe37ba",
                            "tags.%": "1",
                            "tags.Name": "myVPC"
                        },
                        "meta": {},
                        "tainted": false
                    },
                    "deposed": [],
                    "provider": ""
                },
                "data.aws_availability_zones.available": {
                    "type": "aws_availability_zones",
                    "depends_on": [],
                    "primary": {
                        "id": "2017-02-08 19:04:44.056135408 +0000 UTC",
                        "attributes": {
                            "id": "2017-02-08 19:04:44.056135408 +0000 UTC",
                            "names.#": "3",
                            "names.0": "eu-west-1a",
                            "names.1": "eu-west-1b",
                            "names.2": "eu-west-1c"
                        },
                        "meta": {},
                        "tainted": false
                    },
                    "deposed": [],
                    "provider": ""
                }
            },
            "depends_on": []
        }
    ]
}
